# @generated - this file is auto-generated by `mise lock` https://mise.jdx.dev/dev-tools/mise-lock.html

lockfile_version = 2

[[tools.gradle]]
version = "9.8.0"
backend = "aqua:gradle/gradle-distributions"
specifiers = ["latest"]

[tools.gradle."platforms.linux-arm64"]
checksum = "sha256:bafd5ce9cfaea0fbccfdc8439a1ac42fbd4cd9c89dc9a988228d8a2639a58e6c"
url = "https://github.com/gradle/gradle-distributions/releases/download/v9.8.0/gradle-9.8.0-bin.zip"
url_api = "https://api.github.com/repos/gradle/gradle-distributions/releases/assets/586068844"

[tools.gradle."platforms.linux-arm64-musl"]
checksum = "sha256:bafd5ce9cfaea0fbccfdc8439a1ac42fbd4cd9c89dc9a988228d8a2639a58e6c"
url = "https://github.com/gradle/gradle-distributions/releases/download/v9.8.0/gradle-9.8.0-bin.zip"
url_api = "https://api.github.com/repos/gradle/gradle-distributions/releases/assets/586068844"

[tools.gradle."platforms.linux-x64"]
checksum = "sha256:bafd5ce9cfaea0fbccfdc8439a1ac42fbd4cd9c89dc9a988228d8a2639a58e6c"
url = "https://github.com/gradle/gradle-distributions/releases/download/v9.8.0/gradle-9.8.0-bin.zip"
url_api = "https://api.github.com/repos/gradle/gradle-distributions/releases/assets/586068844"

[tools.gradle."platforms.linux-x64-musl"]
checksum = "sha256:bafd5ce9cfaea0fbccfdc8439a1ac42fbd4cd9c89dc9a988228d8a2639a58e6c"
url = "https://github.com/gradle/gradle-distributions/releases/download/v9.8.0/gradle-9.8.0-bin.zip"
url_api = "https://api.github.com/repos/gradle/gradle-distributions/releases/assets/586068844"

[tools.gradle."platforms.macos-arm64"]
checksum = "sha256:bafd5ce9cfaea0fbccfdc8439a1ac42fbd4cd9c89dc9a988228d8a2639a58e6c"
url = "https://github.com/gradle/gradle-distributions/releases/download/v9.8.0/gradle-9.8.0-bin.zip"
url_api = "https://api.github.com/repos/gradle/gradle-distributions/releases/assets/586068844"

[tools.gradle."platforms.macos-x64"]
checksum = "sha256:bafd5ce9cfaea0fbccfdc8439a1ac42fbd4cd9c89dc9a988228d8a2639a58e6c"
url = "https://github.com/gradle/gradle-distributions/releases/download/v9.8.0/gradle-9.8.0-bin.zip"
url_api = "https://api.github.com/repos/gradle/gradle-distributions/releases/assets/586068844"

[tools.gradle."platforms.windows-x64"]
checksum = "sha256:bafd5ce9cfaea0fbccfdc8439a1ac42fbd4cd9c89dc9a988228d8a2639a58e6c"
url = "https://github.com/gradle/gradle-distributions/releases/download/v9.8.0/gradle-9.8.0-bin.zip"
url_api = "https://api.github.com/repos/gradle/gradle-distributions/releases/assets/586068844"

[[tools.java]]
version = "temurin-11.0.32+101"
backend = "core:java"
specifiers = ["temurin-11"]

[tools.java."platforms.linux-arm64"]
checksum = "sha256:f27033e6f7523c1b0b2565a78e9c0e0abe5596a854ce00ca04ec1b06ece7a935"
url = "https://github.com/adoptium/temurin11-binaries/releases/download/jdk-11.0.32.1%2B1/OpenJDK11U-jdk_aarch64_linux_hotspot_11.0.32.1_1.tar.gz"

[tools.java."platforms.linux-x64"]
checksum = "sha256:5c3f68887c325d36d852ba534303e1f5f1f5cae7d6cc1e951d73e0d8e98a058d"
url = "https://github.com/adoptium/temurin11-binaries/releases/download/jdk-11.0.32.1%2B1/OpenJDK11U-jdk_x64_linux_hotspot_11.0.32.1_1.tar.gz"

[tools.java."platforms.linux-x64-musl"]
checksum = "sha256:1dc1d3259fa4ca7a2db43c539a60bfa7fc0ea595f445a71ef36d28120f3094aa"
url = "https://github.com/adoptium/temurin11-binaries/releases/download/jdk-11.0.32.1%2B1/OpenJDK11U-jdk_x64_alpine-linux_hotspot_11.0.32.1_1.tar.gz"

[tools.java."platforms.macos-arm64"]
checksum = "sha256:c487a1c3a56588b3a32d0d07cdd526bf3d401c4b8422be772ca178bfcd647f3f"
url = "https://github.com/adoptium/temurin11-binaries/releases/download/jdk-11.0.32.1%2B1/OpenJDK11U-jdk_aarch64_mac_hotspot_11.0.32.1_1.tar.gz"

[tools.java."platforms.macos-x64"]
checksum = "sha256:03de26f0d11ec3e6365e0352d9fcfaff447be35a2b2f36ee1ffb6063980343f5"
url = "https://github.com/adoptium/temurin11-binaries/releases/download/jdk-11.0.32.1%2B1/OpenJDK11U-jdk_x64_mac_hotspot_11.0.32.1_1.tar.gz"

[tools.java."platforms.windows-x64"]
checksum = "sha256:d5008f02174c1ad21c10407cbf104815cb390ec4c263d53946e8d0507d7a77f9"
url = "https://github.com/adoptium/temurin11-binaries/releases/download/jdk-11.0.32.1%2B1/OpenJDK11U-jdk_x64_windows_hotspot_11.0.32.1_1.zip"

[[tools.java]]
version = "temurin-17.0.20+101"
backend = "core:java"
specifiers = ["temurin-17"]

[tools.java."platforms.linux-arm64"]
checksum = "sha256:457b57af8f9c93ec39080bb8c764f559dc8c89a6da1a39d718a400b7890d3e41"
url = "https://github.com/adoptium/temurin17-binaries/releases/download/jdk-17.0.20.1%2B1/OpenJDK17U-jdk_aarch64_linux_hotspot_17.0.20.1_1.tar.gz"

[tools.java."platforms.linux-x64"]
checksum = "sha256:3808d1d15e3ec6bd5b84057fb5d84c33d8a1536a258146bcea2e603fc726e08e"
url = "https://github.com/adoptium/temurin17-binaries/releases/download/jdk-17.0.20.1%2B1/OpenJDK17U-jdk_x64_linux_hotspot_17.0.20.1_1.tar.gz"

[tools.java."platforms.linux-x64-musl"]
checksum = "sha256:0c4fcdefa2737ccd66e049245fdb9dc431f91796182141204cd5f8192cb288e6"
url = "https://github.com/adoptium/temurin17-binaries/releases/download/jdk-17.0.20.1%2B1/OpenJDK17U-jdk_x64_alpine-linux_hotspot_17.0.20.1_1.tar.gz"

[tools.java."platforms.macos-arm64"]
checksum = "sha256:196d13ba5f10414bef7f6a05a9b3f00edacb18ebacef2b99485db9e2ee18f0e8"
url = "https://github.com/adoptium/temurin17-binaries/releases/download/jdk-17.0.20.1%2B1/OpenJDK17U-jdk_aarch64_mac_hotspot_17.0.20.1_1.tar.gz"

[tools.java."platforms.macos-x64"]
checksum = "sha256:c01975da12ed4235250ff891fe8bba73a9e73037d444b269c9d0922b5dbc8e0a"
url = "https://github.com/adoptium/temurin17-binaries/releases/download/jdk-17.0.20.1%2B1/OpenJDK17U-jdk_x64_mac_hotspot_17.0.20.1_1.tar.gz"

[tools.java."platforms.windows-x64"]
checksum = "sha256:e53a79c3c3d86865bd7e787903884331068e71321714ffd44f145785affc7cb0"
url = "https://github.com/adoptium/temurin17-binaries/releases/download/jdk-17.0.20.1%2B1/OpenJDK17U-jdk_x64_windows_hotspot_17.0.20.1_1.zip"

[[tools.java]]
version = "temurin-21.0.12+101.0.LTS"
backend = "core:java"
specifiers = ["temurin-21"]

[tools.java."platforms.linux-arm64"]
checksum = "sha256:23e37e026f12f3e706f18938ff611db3032d075b09d0879a25d06718c773e223"
url = "https://github.com/adoptium/temurin21-binaries/releases/download/jdk-21.0.12.1%2B1/OpenJDK21U-jdk_aarch64_linux_hotspot_21.0.12.1_1.tar.gz"

[tools.java."platforms.linux-arm64-musl"]
checksum = "sha256:8242627927adc90ac2561d0812dd39890ebc21ef09b550bc2e8b93640b8af4f8"
url = "https://github.com/adoptium/temurin21-binaries/releases/download/jdk-21.0.12.1%2B1/OpenJDK21U-jdk_aarch64_alpine-linux_hotspot_21.0.12.1_1.tar.gz"

[tools.java."platforms.linux-x64"]
checksum = "sha256:ce79869e1307ed8ee1e2baa86a412b1eb5b75d10a01006d788a6f968bcfaee94"
url = "https://github.com/adoptium/temurin21-binaries/releases/download/jdk-21.0.12.1%2B1/OpenJDK21U-jdk_x64_linux_hotspot_21.0.12.1_1.tar.gz"

[tools.java."platforms.linux-x64-musl"]
checksum = "sha256:bd8824214e42b33333c7f55a039ea078ad6ea6be20d7c5b011c801fb2bdb44f0"
url = "https://github.com/adoptium/temurin21-binaries/releases/download/jdk-21.0.12.1%2B1/OpenJDK21U-jdk_x64_alpine-linux_hotspot_21.0.12.1_1.tar.gz"

[tools.java."platforms.macos-arm64"]
checksum = "sha256:3623232f33a9c3baadf304480b2535f9a3cba8a58d42ecbb438ba267315d9998"
url = "https://github.com/adoptium/temurin21-binaries/releases/download/jdk-21.0.12.1%2B1/OpenJDK21U-jdk_aarch64_mac_hotspot_21.0.12.1_1.tar.gz"

[tools.java."platforms.macos-x64"]
checksum = "sha256:44db0f08196daf19a47f90d13388b0c943b67663cb537f998fe29e836fa842ce"
url = "https://github.com/adoptium/temurin21-binaries/releases/download/jdk-21.0.12.1%2B1/OpenJDK21U-jdk_x64_mac_hotspot_21.0.12.1_1.tar.gz"

[tools.java."platforms.windows-x64"]
checksum = "sha256:f9d6e191ab098c0d416e7d588a24420a8621cd2f4720dab2459b8b7b2d2d8b4e"
url = "https://github.com/adoptium/temurin21-binaries/releases/download/jdk-21.0.12.1%2B1/OpenJDK21U-jdk_x64_windows_hotspot_21.0.12.1_1.zip"

[[tools.java]]
version = "temurin-25.0.4+101.0.LTS"
backend = "core:java"
specifiers = ["temurin-25"]

[tools.java."platforms.linux-arm64"]
checksum = "sha256:69df11a02cfa3ef7d7ca645e03edce6778ec090e100f6ae2b42097865730ac52"
url = "https://github.com/adoptium/temurin25-binaries/releases/download/jdk-25.0.4.1%2B1/OpenJDK25U-jdk_aarch64_linux_hotspot_25.0.4.1_1.tar.gz"

[tools.java."platforms.linux-arm64-musl"]
checksum = "sha256:8d19373d427017d86ac87cf6a47ba49746be864832f60b52b7e3b1531c6b2cb8"
url = "https://github.com/adoptium/temurin25-binaries/releases/download/jdk-25.0.4.1%2B1/OpenJDK25U-jdk_aarch64_alpine-linux_hotspot_25.0.4.1_1.tar.gz"

[tools.java."platforms.linux-x64"]
checksum = "sha256:dbb698396d478e7fa2b1e50f4103324b2a99b90569ee27c33f2261f9215cf41e"
url = "https://github.com/adoptium/temurin25-binaries/releases/download/jdk-25.0.4.1%2B1/OpenJDK25U-jdk_x64_linux_hotspot_25.0.4.1_1.tar.gz"

[tools.java."platforms.linux-x64-musl"]
checksum = "sha256:f18648ee5ce45261f50dc9493fdae7ddebaa2a7a857cafda3e2a448a79c03dee"
url = "https://github.com/adoptium/temurin25-binaries/releases/download/jdk-25.0.4.1%2B1/OpenJDK25U-jdk_x64_alpine-linux_hotspot_25.0.4.1_1.tar.gz"

[tools.java."platforms.macos-arm64"]
checksum = "sha256:61979887f7506a24a57439ff99adb8b3a7fc89977d9cfe3b8984f58a981b7b9d"
url = "https://github.com/adoptium/temurin25-binaries/releases/download/jdk-25.0.4.1%2B1/OpenJDK25U-jdk_aarch64_mac_hotspot_25.0.4.1_1.tar.gz"

[tools.java."platforms.macos-x64"]
checksum = "sha256:e6229d9504f7922053ab31821b9e6bee8761daf7b026a3476d1a027563009880"
url = "https://github.com/adoptium/temurin25-binaries/releases/download/jdk-25.0.4.1%2B1/OpenJDK25U-jdk_x64_mac_hotspot_25.0.4.1_1.tar.gz"

[tools.java."platforms.windows-x64"]
checksum = "sha256:00c847d804f4a78e9f04f2683faf14fed898535b177b7fc704486cb0284e9283"
url = "https://github.com/adoptium/temurin25-binaries/releases/download/jdk-25.0.4.1%2B1/OpenJDK25U-jdk_x64_windows_hotspot_25.0.4.1_1.zip"

[[tools.java]]
version = "temurin-26.0.2+101"
backend = "core:java"
specifiers = ["temurin-26"]

[tools.java."platforms.linux-arm64"]
checksum = "sha256:9f6ad9856a7dd880061adaf88db3c4da0642113d59b7960a892f0e551c0c948c"
url = "https://github.com/adoptium/temurin26-binaries/releases/download/jdk-26.0.2.1%2B1/OpenJDK26U-jdk_aarch64_linux_hotspot_26.0.2.1_1.tar.gz"

[tools.java."platforms.linux-arm64-musl"]
checksum = "sha256:60186535f49539d060d6e523a714f04e32dcc72643d9eba24738e41323fca79d"
url = "https://github.com/adoptium/temurin26-binaries/releases/download/jdk-26.0.2.1%2B1/OpenJDK26U-jdk_aarch64_alpine-linux_hotspot_26.0.2.1_1.tar.gz"

[tools.java."platforms.linux-x64"]
checksum = "sha256:451c12e68747bcfa2fb5a2c16b00483fedb9fa6d77bc962d30957f76ac17044d"
url = "https://github.com/adoptium/temurin26-binaries/releases/download/jdk-26.0.2.1%2B1/OpenJDK26U-jdk_x64_linux_hotspot_26.0.2.1_1.tar.gz"

[tools.java."platforms.linux-x64-musl"]
checksum = "sha256:7f0ebccd9a8b4a554f5caac8768f28ff9d1b1b74367db7d14639b11c9b3d9e41"
url = "https://github.com/adoptium/temurin26-binaries/releases/download/jdk-26.0.2.1%2B1/OpenJDK26U-jdk_x64_alpine-linux_hotspot_26.0.2.1_1.tar.gz"

[tools.java."platforms.macos-arm64"]
checksum = "sha256:8c77a069a150c5b1c80280269ba062463053ebb7619ddef38dcfe3921fc60bdd"
url = "https://github.com/adoptium/temurin26-binaries/releases/download/jdk-26.0.2.1%2B1/OpenJDK26U-jdk_aarch64_mac_hotspot_26.0.2.1_1.tar.gz"

[tools.java."platforms.macos-x64"]
checksum = "sha256:e1b58af4ef2089f6de66bdadd5c77a661adfad8340d5b8e19771a76ab5f02188"
url = "https://github.com/adoptium/temurin26-binaries/releases/download/jdk-26.0.2.1%2B1/OpenJDK26U-jdk_x64_mac_hotspot_26.0.2.1_1.tar.gz"

[tools.java."platforms.windows-x64"]
checksum = "sha256:cf914bf4cc6bf9cedcabec216165bafd10331c5b4d4f2e424b55f6a2e68a1cf5"
url = "https://github.com/adoptium/temurin26-binaries/releases/download/jdk-26.0.2.1%2B1/OpenJDK26U-jdk_x64_windows_hotspot_26.0.2.1_1.zip"

[[tools.maven]]
version = "3.9.16"
backend = "aqua:apache/maven"
specifiers = ["latest"]

[tools.maven."platforms.linux-arm64"]
checksum = "sha512:831a8591fe20c8243b1dbe7d71e3244f31d1665b0804b2e825e38cbbe5ce0cafb8338851f90780735568773e0a6cd07bbec107cda0b896b008b861075358b6f6"
url = "https://archive.apache.org/dist/maven/maven-3/3.9.16/binaries/apache-maven-3.9.16-bin.tar.gz"

[tools.maven."platforms.linux-arm64-musl"]
checksum = "sha512:831a8591fe20c8243b1dbe7d71e3244f31d1665b0804b2e825e38cbbe5ce0cafb8338851f90780735568773e0a6cd07bbec107cda0b896b008b861075358b6f6"
url = "https://archive.apache.org/dist/maven/maven-3/3.9.16/binaries/apache-maven-3.9.16-bin.tar.gz"

[tools.maven."platforms.linux-x64"]
checksum = "sha512:831a8591fe20c8243b1dbe7d71e3244f31d1665b0804b2e825e38cbbe5ce0cafb8338851f90780735568773e0a6cd07bbec107cda0b896b008b861075358b6f6"
url = "https://archive.apache.org/dist/maven/maven-3/3.9.16/binaries/apache-maven-3.9.16-bin.tar.gz"

[tools.maven."platforms.linux-x64-musl"]
checksum = "sha512:831a8591fe20c8243b1dbe7d71e3244f31d1665b0804b2e825e38cbbe5ce0cafb8338851f90780735568773e0a6cd07bbec107cda0b896b008b861075358b6f6"
url = "https://archive.apache.org/dist/maven/maven-3/3.9.16/binaries/apache-maven-3.9.16-bin.tar.gz"

[tools.maven."platforms.macos-arm64"]
checksum = "sha512:831a8591fe20c8243b1dbe7d71e3244f31d1665b0804b2e825e38cbbe5ce0cafb8338851f90780735568773e0a6cd07bbec107cda0b896b008b861075358b6f6"
url = "https://archive.apache.org/dist/maven/maven-3/3.9.16/binaries/apache-maven-3.9.16-bin.tar.gz"

[tools.maven."platforms.macos-x64"]
checksum = "sha512:831a8591fe20c8243b1dbe7d71e3244f31d1665b0804b2e825e38cbbe5ce0cafb8338851f90780735568773e0a6cd07bbec107cda0b896b008b861075358b6f6"
url = "https://archive.apache.org/dist/maven/maven-3/3.9.16/binaries/apache-maven-3.9.16-bin.tar.gz"

[tools.maven."platforms.windows-x64"]
checksum = "sha512:831a8591fe20c8243b1dbe7d71e3244f31d1665b0804b2e825e38cbbe5ce0cafb8338851f90780735568773e0a6cd07bbec107cda0b896b008b861075358b6f6"
url = "https://archive.apache.org/dist/maven/maven-3/3.9.16/binaries/apache-maven-3.9.16-bin.tar.gz"

[[tools.quarkus]]
version = "3.39.5"
backend = "github:quarkusio/quarkus"
specifiers = ["latest"]

[tools.quarkus."platforms.linux-arm64"]
checksum = "sha256:8d5a2481eddca256a2f120b91eb07d105b2ae86bfb20f427e35f777e975b2e79"
url = "https://github.com/quarkusio/quarkus/releases/download/3.39.5/quarkus-cli-3.39.5.tar.gz"
url_api = "https://api.github.com/repos/quarkusio/quarkus/releases/assets/584213201"

[tools.quarkus."platforms.linux-arm64-musl"]
checksum = "sha256:8d5a2481eddca256a2f120b91eb07d105b2ae86bfb20f427e35f777e975b2e79"
url = "https://github.com/quarkusio/quarkus/releases/download/3.39.5/quarkus-cli-3.39.5.tar.gz"
url_api = "https://api.github.com/repos/quarkusio/quarkus/releases/assets/584213201"

[tools.quarkus."platforms.linux-x64"]
checksum = "sha256:8d5a2481eddca256a2f120b91eb07d105b2ae86bfb20f427e35f777e975b2e79"
url = "https://github.com/quarkusio/quarkus/releases/download/3.39.5/quarkus-cli-3.39.5.tar.gz"
url_api = "https://api.github.com/repos/quarkusio/quarkus/releases/assets/584213201"

[tools.quarkus."platforms.linux-x64-musl"]
checksum = "sha256:8d5a2481eddca256a2f120b91eb07d105b2ae86bfb20f427e35f777e975b2e79"
url = "https://github.com/quarkusio/quarkus/releases/download/3.39.5/quarkus-cli-3.39.5.tar.gz"
url_api = "https://api.github.com/repos/quarkusio/quarkus/releases/assets/584213201"

[tools.quarkus."platforms.macos-arm64"]
checksum = "sha256:8d5a2481eddca256a2f120b91eb07d105b2ae86bfb20f427e35f777e975b2e79"
url = "https://github.com/quarkusio/quarkus/releases/download/3.39.5/quarkus-cli-3.39.5.tar.gz"
url_api = "https://api.github.com/repos/quarkusio/quarkus/releases/assets/584213201"

[tools.quarkus."platforms.macos-x64"]
checksum = "sha256:8d5a2481eddca256a2f120b91eb07d105b2ae86bfb20f427e35f777e975b2e79"
url = "https://github.com/quarkusio/quarkus/releases/download/3.39.5/quarkus-cli-3.39.5.tar.gz"
url_api = "https://api.github.com/repos/quarkusio/quarkus/releases/assets/584213201"

[tools.quarkus."platforms.windows-x64"]
checksum = "sha256:892377ca0378318039864cec4665f3c1081187c7fee91beb899dffb023b937bd"
url = "https://github.com/quarkusio/quarkus/releases/download/3.39.5/quarkus-cli-3.39.5.zip"
url_api = "https://api.github.com/repos/quarkusio/quarkus/releases/assets/584213169"

[[tools.ruby]]
version = "4.0.7"
backend = "core:ruby"
specifiers = ["4"]

[tools.ruby.options]
compile = "false"
precompiled_url = "jdx/ruby"
ruby_build_repo = "https://github.com/rbenv/ruby-build.git"
ruby_install = "false"

[tools.ruby."platforms.linux-arm64"]
checksum = "sha256:453bf09d3991ada482dbcdae5af697ce59aaa5586f3f906a7ff46af5de9afed8"
url = "https://github.com/jdx/ruby/releases/download/4.0.7-1/ruby-4.0.7.arm64_linux.tar.gz"
provenance = "github-attestations"

[tools.ruby."platforms.linux-arm64-musl"]
checksum = "sha256:911ace20f90d068ca0e4dda6d0e4f0f81e52e52f2dd4f4004c721e253412e82d"
url = "https://cache.ruby-lang.org/pub/ruby/4.0/ruby-4.0.7.tar.gz"

[tools.ruby."platforms.linux-x64"]
checksum = "sha256:32cd7e6ac93126e0f91dc40a0d2e6213f24a38be77937671e6cb82f82ea4ffe2"
url = "https://github.com/jdx/ruby/releases/download/4.0.7-1/ruby-4.0.7.x86_64_linux.tar.gz"
provenance = "github-attestations"

[tools.ruby."platforms.linux-x64-musl"]
checksum = "sha256:911ace20f90d068ca0e4dda6d0e4f0f81e52e52f2dd4f4004c721e253412e82d"
url = "https://cache.ruby-lang.org/pub/ruby/4.0/ruby-4.0.7.tar.gz"

[tools.ruby."platforms.macos-arm64"]
checksum = "sha256:1b239cb6e4f8ba27e890e025c723c00ba781b993ac12aab2029618f347c2206d"
url = "https://github.com/jdx/ruby/releases/download/4.0.7-1/ruby-4.0.7.macos.tar.gz"
provenance = "github-attestations"

[tools.ruby."platforms.macos-x64"]
checksum = "sha256:911ace20f90d068ca0e4dda6d0e4f0f81e52e52f2dd4f4004c721e253412e82d"
url = "https://cache.ruby-lang.org/pub/ruby/4.0/ruby-4.0.7.tar.gz"

[[tools.ruby]]
version = "4.0.7"
backend = "core:ruby"
specifiers = ["4"]

[tools.ruby."platforms.windows-x64"]
checksum = "sha256:7a9be96d3448ecbd9a81eccae1f619131dfcc761f2c98dded03ece6c05d0474f"
url = "https://github.com/oneclick/rubyinstaller2/releases/download/RubyInstaller-4.0.7-1/rubyinstaller-4.0.7-1-x64.7z"
