# @generated - this file is auto-generated by `mise lock` https://mise.jdx.dev/dev-tools/mise-lock.html

lockfile_version = 2

[[tools.gradle]]
version = "9.8.0"
backend = "aqua:gradle/gradle-distributions"
specifiers = ["latest"]

[tools.gradle."platforms.macos-arm64"]
checksum = "sha256:bafd5ce9cfaea0fbccfdc8439a1ac42fbd4cd9c89dc9a988228d8a2639a58e6c"
url = "https://github.com/gradle/gradle-distributions/releases/download/v9.8.0/gradle-9.8.0-bin.zip"
url_api = "https://api.github.com/repos/gradle/gradle-distributions/releases/assets/586068844"

[[tools.java]]
version = "temurin-11.0.32+101"
backend = "core:java"
specifiers = ["temurin-11"]

[tools.java."platforms.macos-arm64"]
checksum = "sha256:c487a1c3a56588b3a32d0d07cdd526bf3d401c4b8422be772ca178bfcd647f3f"
url = "https://github.com/adoptium/temurin11-binaries/releases/download/jdk-11.0.32.1%2B1/OpenJDK11U-jdk_aarch64_mac_hotspot_11.0.32.1_1.tar.gz"

[[tools.java]]
version = "temurin-17.0.20+101"
backend = "core:java"
specifiers = ["temurin-17"]

[tools.java."platforms.macos-arm64"]
checksum = "sha256:196d13ba5f10414bef7f6a05a9b3f00edacb18ebacef2b99485db9e2ee18f0e8"
url = "https://github.com/adoptium/temurin17-binaries/releases/download/jdk-17.0.20.1%2B1/OpenJDK17U-jdk_aarch64_mac_hotspot_17.0.20.1_1.tar.gz"

[[tools.java]]
version = "temurin-21.0.12+101.0.LTS"
backend = "core:java"
specifiers = ["temurin-21"]

[tools.java."platforms.macos-arm64"]
checksum = "sha256:3623232f33a9c3baadf304480b2535f9a3cba8a58d42ecbb438ba267315d9998"
url = "https://github.com/adoptium/temurin21-binaries/releases/download/jdk-21.0.12.1%2B1/OpenJDK21U-jdk_aarch64_mac_hotspot_21.0.12.1_1.tar.gz"

[[tools.java]]
version = "temurin-25.0.4+101.0.LTS"
backend = "core:java"
specifiers = ["temurin-25"]

[tools.java."platforms.macos-arm64"]
checksum = "sha256:61979887f7506a24a57439ff99adb8b3a7fc89977d9cfe3b8984f58a981b7b9d"
url = "https://github.com/adoptium/temurin25-binaries/releases/download/jdk-25.0.4.1%2B1/OpenJDK25U-jdk_aarch64_mac_hotspot_25.0.4.1_1.tar.gz"

[[tools.java]]
version = "temurin-26.0.2+101"
backend = "core:java"
specifiers = ["temurin-26"]

[tools.java."platforms.macos-arm64"]
checksum = "sha256:8c77a069a150c5b1c80280269ba062463053ebb7619ddef38dcfe3921fc60bdd"
url = "https://github.com/adoptium/temurin26-binaries/releases/download/jdk-26.0.2.1%2B1/OpenJDK26U-jdk_aarch64_mac_hotspot_26.0.2.1_1.tar.gz"

[[tools.maven]]
version = "3.9.16"
backend = "aqua:apache/maven"
specifiers = ["latest"]

[tools.maven."platforms.macos-arm64"]
checksum = "sha512:831a8591fe20c8243b1dbe7d71e3244f31d1665b0804b2e825e38cbbe5ce0cafb8338851f90780735568773e0a6cd07bbec107cda0b896b008b861075358b6f6"
url = "https://archive.apache.org/dist/maven/maven-3/3.9.16/binaries/apache-maven-3.9.16-bin.tar.gz"

[[tools."pypi:claude-swap"]]
version = "0.26.0"
backend = "pypi:claude-swap"
specifiers = ["latest"]

[tools."pypi:claude-swap".options]
with = '["rumps"]'

[[tools."pypi:git+https://github.com/youssofal/MTPLX"]]
version = "v2.12.0"
backend = "pypi:git+https://github.com/youssofal/MTPLX"
specifiers = ["latest"]

[tools."pypi:git+https://github.com/youssofal/MTPLX".options]
with = '["llguidance"]'

[[tools."pypi:scrapling"]]
version = "0.4.15"
backend = "pypi:scrapling"
specifiers = ["latest"]
uv = { path = "locks/pypi-scrapling/0.4.15~49e6f862", digest = "sha256:b9faa81bac60e41f325b893763c8d8ca83afeaee310005c2bb119450e9ddfdcd" }

[tools."pypi:scrapling".options]
extras = "shell"

[[tools."pypi:yt-dlp"]]
version = "2026.8.19"
backend = "pypi:yt-dlp"
specifiers = ["latest"]
uv = { path = "locks/pypi-yt-dlp/2026.8.19", digest = "sha256:46d0eb611f91fada4d32fad4e588da3f1727532eec1c489406d564bcf4120ce5" }

[[tools.quarkus]]
version = "3.39.5"
backend = "github:quarkusio/quarkus"
specifiers = ["latest"]

[tools.quarkus."platforms.macos-arm64"]
checksum = "sha256:8d5a2481eddca256a2f120b91eb07d105b2ae86bfb20f427e35f777e975b2e79"
url = "https://github.com/quarkusio/quarkus/releases/download/3.39.5/quarkus-cli-3.39.5.tar.gz"
url_api = "https://api.github.com/repos/quarkusio/quarkus/releases/assets/584213201"

[[tools.ruby]]
version = "4.0.7"
backend = "core:ruby"
specifiers = ["4"]

[tools.ruby.options]
compile = "false"
precompiled_url = "jdx/ruby"
ruby_build_repo = "https://github.com/rbenv/ruby-build.git"
ruby_install = "false"

[tools.ruby."platforms.macos-arm64"]
checksum = "sha256:1b239cb6e4f8ba27e890e025c723c00ba781b993ac12aab2029618f347c2206d"
url = "https://github.com/jdx/ruby/releases/download/4.0.7-1/ruby-4.0.7.macos.tar.gz"
provenance = "github-attestations"
